
Microsoft Visual Studio Solution File, Format Version 12.00
# Visual Studio 15
VisualStudioVersion = 15.0.28307.645
MinimumVisualStudioVersion = 10.0.40219.1
Project("{9A19103F-16F7-4668-BE54-9A1E7A4F7556}") = "UltimateTemperatureLibrary", "Ultimate Temperature Library\UltimateTemperatureLibrary.csproj", "{8D03FB4E-3E0C-4107-AA8D-FC5E0514ADE9}"
EndProject
Project("{9A19103F-16F7-4668-BE54-9A1E7A4F7556}") = "UltimateTemperatureLibrary.UnitTests", "UnitTestUltimateTemperatureLibrary\UltimateTemperatureLibrary.UnitTests.csproj", "{CA18515F-ED14-41F8-B23E-DD1F285AE5A4}"
EndProject
Global
	GlobalSection(SolutionConfigurationPlatforms) = preSolution
		Debug|Any CPU = Debug|Any CPU
		Release|Any CPU = Release|Any CPU
	EndGlobalSection
	GlobalSection(ProjectConfigurationPlatforms) = postSolution
		{8D03FB4E-3E0C-4107-AA8D-FC5E0514ADE9}.Debug|Any CPU.ActiveCfg = Debug|Any CPU
		{8D03FB4E-3E0C-4107-AA8D-FC5E0514ADE9}.Debug|Any CPU.Build.0 = Debug|Any CPU
		{8D03FB4E-3E0C-4107-AA8D-FC5E0514ADE9}.Release|Any CPU.ActiveCfg = Release|Any CPU
		{8D03FB4E-3E0C-4107-AA8D-FC5E0514ADE9}.Release|Any CPU.Build.0 = Release|Any CPU
		{CA18515F-ED14-41F8-B23E-DD1F285AE5A4}.Debug|Any CPU.ActiveCfg = Debug|Any CPU
		{CA18515F-ED14-41F8-B23E-DD1F285AE5A4}.Debug|Any CPU.Build.0 = Debug|Any CPU
		{CA18515F-ED14-41F8-B23E-DD1F285AE5A4}.Release|Any CPU.ActiveCfg = Release|Any CPU
		{CA18515F-ED14-41F8-B23E-DD1F285AE5A4}.Release|Any CPU.Build.0 = Release|Any CPU
	EndGlobalSection
	GlobalSection(SolutionProperties) = preSolution
		HideSolutionNode = FALSE
	EndGlobalSection
	GlobalSection(ExtensibilityGlobals) = postSolution
		SolutionGuid = {2A19107E-3858-4844-9551-E23F7E766366}
	EndGlobalSection
EndGlobal
