
Microsoft Visual Studio Solution File, Format Version 12.00
# Visual Studio Version 16
VisualStudioVersion = 16.0.30204.135
MinimumVisualStudioVersion = 10.0.40219.1
Project("{9A19103F-16F7-4668-BE54-9A1E7A4F7556}") = "UltimateTemperatureLibrary", "UltimateTemperatureLibrary\UltimateTemperatureLibrary.csproj", "{8D03FB4E-3E0C-4107-AA8D-FC5E0514ADE9}"
EndProject
Project("{9A19103F-16F7-4668-BE54-9A1E7A4F7556}") = "UltimateTemperatureLibrary.UnitTests", "UltimateTemperatureLibrary.UnitTests\UltimateTemperatureLibrary.UnitTests.csproj", "{CA18515F-ED14-41F8-B23E-DD1F285AE5A4}"
EndProject
Project("{FAE04EC0-301F-11D3-BF4B-00C04F79EFBC}") = "UltimateTemperatureLibrary.WPF", "UltimateTemperatureLibrary.WPF\UltimateTemperatureLibrary.WPF.csproj", "{F3BBA712-8CA8-474D-8ACD-243D990BBDCC}"
EndProject
Global
	GlobalSection(SolutionConfigurationPlatforms) = preSolution
		Debug|Any CPU = Debug|Any CPU
		Release|Any CPU = Release|Any CPU
	EndGlobalSection
	GlobalSection(ProjectConfigurationPlatforms) = postSolution
		{8D03FB4E-3E0C-4107-AA8D-FC5E0514ADE9}.Debug|Any CPU.ActiveCfg = Debug|Any CPU
		{8D03FB4E-3E0C-4107-AA8D-FC5E0514ADE9}.Debug|Any CPU.Build.0 = Debug|Any CPU
		{8D03FB4E-3E0C-4107-AA8D-FC5E0514ADE9}.Release|Any CPU.ActiveCfg = Release|Any CPU
		{8D03FB4E-3E0C-4107-AA8D-FC5E0514ADE9}.Release|Any CPU.Build.0 = Release|Any CPU
		{CA18515F-ED14-41F8-B23E-DD1F285AE5A4}.Debug|Any CPU.ActiveCfg = Debug|Any CPU
		{CA18515F-ED14-41F8-B23E-DD1F285AE5A4}.Debug|Any CPU.Build.0 = Debug|Any CPU
		{CA18515F-ED14-41F8-B23E-DD1F285AE5A4}.Release|Any CPU.ActiveCfg = Release|Any CPU
		{CA18515F-ED14-41F8-B23E-DD1F285AE5A4}.Release|Any CPU.Build.0 = Release|Any CPU
		{F3BBA712-8CA8-474D-8ACD-243D990BBDCC}.Debug|Any CPU.ActiveCfg = Debug|Any CPU
		{F3BBA712-8CA8-474D-8ACD-243D990BBDCC}.Debug|Any CPU.Build.0 = Debug|Any CPU
		{F3BBA712-8CA8-474D-8ACD-243D990BBDCC}.Release|Any CPU.ActiveCfg = Release|Any CPU
		{F3BBA712-8CA8-474D-8ACD-243D990BBDCC}.Release|Any CPU.Build.0 = Release|Any CPU
	EndGlobalSection
	GlobalSection(SolutionProperties) = preSolution
		HideSolutionNode = FALSE
	EndGlobalSection
	GlobalSection(ExtensibilityGlobals) = postSolution
		SolutionGuid = {2A19107E-3858-4844-9551-E23F7E766366}
	EndGlobalSection
EndGlobal
